
Microsoft Visual Studio Solution File, Format Version 11.00
# Visual Studio 2010
Project("{FAE04EC0-301F-11D3-BF4B-00C04F79EFBC}") = "VotGESOrders", "VotGESOrders\VotGESOrders.csproj", "{32F39C82-BDA0-4048-AA6C-C37FAF3ECDCF}"
	ProjectSection(ProjectDependencies) = postProject
		{E0437F93-F9FF-409A-9979-62F42D149B95} = {E0437F93-F9FF-409A-9979-62F42D149B95}
	EndProjectSection
EndProject
Project("{FAE04EC0-301F-11D3-BF4B-00C04F79EFBC}") = "VotGESOrders.Web", "VotGESOrders.Web\VotGESOrders.Web.csproj", "{E0437F93-F9FF-409A-9979-62F42D149B95}"
EndProject
Global
	GlobalSection(SolutionConfigurationPlatforms) = preSolution
		Debug|Any CPU = Debug|Any CPU
		Release|Any CPU = Release|Any CPU
	EndGlobalSection
	GlobalSection(ProjectConfigurationPlatforms) = postSolution
		{32F39C82-BDA0-4048-AA6C-C37FAF3ECDCF}.Debug|Any CPU.ActiveCfg = Debug|Any CPU
		{32F39C82-BDA0-4048-AA6C-C37FAF3ECDCF}.Debug|Any CPU.Build.0 = Debug|Any CPU
		{32F39C82-BDA0-4048-AA6C-C37FAF3ECDCF}.Release|Any CPU.ActiveCfg = Release|Any CPU
		{32F39C82-BDA0-4048-AA6C-C37FAF3ECDCF}.Release|Any CPU.Build.0 = Release|Any CPU
		{E0437F93-F9FF-409A-9979-62F42D149B95}.Debug|Any CPU.ActiveCfg = Debug|Any CPU
		{E0437F93-F9FF-409A-9979-62F42D149B95}.Debug|Any CPU.Build.0 = Debug|Any CPU
		{E0437F93-F9FF-409A-9979-62F42D149B95}.Release|Any CPU.ActiveCfg = Release|Any CPU
		{E0437F93-F9FF-409A-9979-62F42D149B95}.Release|Any CPU.Build.0 = Release|Any CPU
	EndGlobalSection
	GlobalSection(SolutionProperties) = preSolution
		HideSolutionNode = FALSE
	EndGlobalSection
EndGlobal
